
Microsoft Visual Studio Solution File, Format Version 12.00
# Visual Studio Version 17
VisualStudioVersion = 17.4.33103.184
MinimumVisualStudioVersion = 10.0.40219.1
Project("{FAE04EC0-301F-11D3-BF4B-00C04F79EFBC}") = "CapenexisStudents2023", "CapenexisStudents2023\CapenexisStudents2023.csproj", "{44D12BCF-12DA-4646-B7E4-972D7D2ABD9B}"
EndProject
Global
	GlobalSection(SolutionConfigurationPlatforms) = preSolution
		Debug|Any CPU = Debug|Any CPU
		Release|Any CPU = Release|Any CPU
	EndGlobalSection
	GlobalSection(ProjectConfigurationPlatforms) = postSolution
		{44D12BCF-12DA-4646-B7E4-972D7D2ABD9B}.Debug|Any CPU.ActiveCfg = Debug|Any CPU
		{44D12BCF-12DA-4646-B7E4-972D7D2ABD9B}.Debug|Any CPU.Build.0 = Debug|Any CPU
		{44D12BCF-12DA-4646-B7E4-972D7D2ABD9B}.Release|Any CPU.ActiveCfg = Release|Any CPU
		{44D12BCF-12DA-4646-B7E4-972D7D2ABD9B}.Release|Any CPU.Build.0 = Release|Any CPU
	EndGlobalSection
	GlobalSection(SolutionProperties) = preSolution
		HideSolutionNode = FALSE
	EndGlobalSection
	GlobalSection(ExtensibilityGlobals) = postSolution
		SolutionGuid = {3130C363-E364-4EB2-A407-DD9A5838D951}
	EndGlobalSection
EndGlobal
